
Microsoft Visual Studio Solution File, Format Version 12.00
# Visual Studio Version 17
VisualStudioVersion = 17.9.34616.47
MinimumVisualStudioVersion = 10.0.40219.1
Project("{9A19103F-16F7-4668-BE54-9A1E7A4F7556}") = "Vsqka bukva na razlichen red", "Vsqka bukva na razlichen red\Vsqka bukva na razlichen red.csproj", "{BF4C9F7E-6C9F-4941-9D95-4BBFC9839F7D}"
EndProject
Project("{FAE04EC0-301F-11D3-BF4B-00C04F79EFBC}") = "Compare", "Compare\Compare.csproj", "{787AD415-5973-4698-8F02-1E2E76DBEF00}"
EndProject
Project("{FAE04EC0-301F-11D3-BF4B-00C04F79EFBC}") = "Converting", "Converting\Converting.csproj", "{935B6901-8969-4279-AD28-05F21909E621}"
EndProject
Global
	GlobalSection(SolutionConfigurationPlatforms) = preSolution
		Debug|Any CPU = Debug|Any CPU
		Release|Any CPU = Release|Any CPU
	EndGlobalSection
	GlobalSection(ProjectConfigurationPlatforms) = postSolution
		{BF4C9F7E-6C9F-4941-9D95-4BBFC9839F7D}.Debug|Any CPU.ActiveCfg = Debug|Any CPU
		{BF4C9F7E-6C9F-4941-9D95-4BBFC9839F7D}.Debug|Any CPU.Build.0 = Debug|Any CPU
		{BF4C9F7E-6C9F-4941-9D95-4BBFC9839F7D}.Release|Any CPU.ActiveCfg = Release|Any CPU
		{BF4C9F7E-6C9F-4941-9D95-4BBFC9839F7D}.Release|Any CPU.Build.0 = Release|Any CPU
		{787AD415-5973-4698-8F02-1E2E76DBEF00}.Debug|Any CPU.ActiveCfg = Debug|Any CPU
		{787AD415-5973-4698-8F02-1E2E76DBEF00}.Debug|Any CPU.Build.0 = Debug|Any CPU
		{787AD415-5973-4698-8F02-1E2E76DBEF00}.Release|Any CPU.ActiveCfg = Release|Any CPU
		{787AD415-5973-4698-8F02-1E2E76DBEF00}.Release|Any CPU.Build.0 = Release|Any CPU
		{935B6901-8969-4279-AD28-05F21909E621}.Debug|Any CPU.ActiveCfg = Debug|Any CPU
		{935B6901-8969-4279-AD28-05F21909E621}.Debug|Any CPU.Build.0 = Debug|Any CPU
		{935B6901-8969-4279-AD28-05F21909E621}.Release|Any CPU.ActiveCfg = Release|Any CPU
		{935B6901-8969-4279-AD28-05F21909E621}.Release|Any CPU.Build.0 = Release|Any CPU
	EndGlobalSection
	GlobalSection(SolutionProperties) = preSolution
		HideSolutionNode = FALSE
	EndGlobalSection
	GlobalSection(ExtensibilityGlobals) = postSolution
		SolutionGuid = {5B85C422-6F00-498B-8426-28014F45E1E8}
	EndGlobalSection
EndGlobal
